// !$*UTF8*$!
{
	archiveVersion = 1;
	classes = {
	};
	objectVersion = 55;
	objects = {

/* Begin PBXBuildFile section */
		2713DB89925E9E17BDDF5969 /* Pods_HarryPotterCharactersTests.framework in Frameworks */ = {isa = PBXBuildFile; fileRef = F5201EBC356CAEF92A054C8F /* Pods_HarryPotterCharactersTests.framework */; };
		4500E47B27AFF4DC00123B45 /* Colors.xcassets in Resources */ = {isa = PBXBuildFile; fileRef = 4500E47A27AFF4DC00123B45 /* Colors.xcassets */; };
		4500E47F27B020E700123B45 /* Localizable.strings in Resources */ = {isa = PBXBuildFile; fileRef = 4500E48127B020E700123B45 /* Localizable.strings */; };
		451F832127A9A65E0014E855 /* DetailInteractor.swift in Sources */ = {isa = PBXBuildFile; fileRef = 451F832027A9A65E0014E855 /* DetailInteractor.swift */; };
		451F832527AAAD850014E855 /* PermissionsInteractor.swift in Sources */ = {isa = PBXBuildFile; fileRef = 451F832427AAAD850014E855 /* PermissionsInteractor.swift */; };
		451F832727AAAD9A0014E855 /* PermissionsPresenter.swift in Sources */ = {isa = PBXBuildFile; fileRef = 451F832627AAAD9A0014E855 /* PermissionsPresenter.swift */; };
		451F832A27AAADC90014E855 /* PermissionsContract.swift in Sources */ = {isa = PBXBuildFile; fileRef = 451F832927AAADC90014E855 /* PermissionsContract.swift */; };
		451F832C27AAADDB0014E855 /* PermissionsBuilder.swift in Sources */ = {isa = PBXBuildFile; fileRef = 451F832B27AAADDB0014E855 /* PermissionsBuilder.swift */; };
		451F832E27AB29580014E855 /* BundleExtensions.swift in Sources */ = {isa = PBXBuildFile; fileRef = 451F832D27AB29580014E855 /* BundleExtensions.swift */; };
		453A6D0227A54D580000AE1B /* DetailControllerBuilder.swift in Sources */ = {isa = PBXBuildFile; fileRef = 453A6D0127A54D580000AE1B /* DetailControllerBuilder.swift */; };
		453A6D0527A54E730000AE1B /* CharactersListWireframe.swift in Sources */ = {isa = PBXBuildFile; fileRef = 453A6D0427A54E730000AE1B /* CharactersListWireframe.swift */; };
		453A6D0827A6B6A40000AE1B /* CollectionViewController.swift in Sources */ = {isa = PBXBuildFile; fileRef = 453A6D0727A6B6A40000AE1B /* CollectionViewController.swift */; };
		453A6D0A27A6B6B40000AE1B /* CollectionViewController.storyboard in Resources */ = {isa = PBXBuildFile; fileRef = 453A6D0927A6B6B40000AE1B /* CollectionViewController.storyboard */; };
		453A6D0C27A6B8680000AE1B /* CollectionControllerBuilder.swift in Sources */ = {isa = PBXBuildFile; fileRef = 453A6D0B27A6B8680000AE1B /* CollectionControllerBuilder.swift */; };
		453A6D0E27A6B8AC0000AE1B /* CollectionViewCell.swift in Sources */ = {isa = PBXBuildFile; fileRef = 453A6D0D27A6B8AC0000AE1B /* CollectionViewCell.swift */; };
		453A6D1727A6E80D0000AE1B /* DetailPresenter.swift in Sources */ = {isa = PBXBuildFile; fileRef = 453A6D1627A6E80D0000AE1B /* DetailPresenter.swift */; };
		453A6D1927A6E81D0000AE1B /* DetailViewContract.swift in Sources */ = {isa = PBXBuildFile; fileRef = 453A6D1827A6E81D0000AE1B /* DetailViewContract.swift */; };
		453A6D2527A6ED4A0000AE1B /* HousesCollectionViewController.swift in Sources */ = {isa = PBXBuildFile; fileRef = 453A6D2427A6ED4A0000AE1B /* HousesCollectionViewController.swift */; };
		453A6D2727A6ED550000AE1B /* HousesCollectionViewController.storyboard in Resources */ = {isa = PBXBuildFile; fileRef = 453A6D2627A6ED550000AE1B /* HousesCollectionViewController.storyboard */; };
		453A6D2927A6ED8C0000AE1B /* HousesCollectionViewCell.swift in Sources */ = {isa = PBXBuildFile; fileRef = 453A6D2827A6ED8C0000AE1B /* HousesCollectionViewCell.swift */; };
		453A6D2B27A6F37A0000AE1B /* HousesCollectionControllerBuilder.swift in Sources */ = {isa = PBXBuildFile; fileRef = 453A6D2A27A6F37A0000AE1B /* HousesCollectionControllerBuilder.swift */; };
		453A6D2D27A7073B0000AE1B /* HousesCollectionPresenter.swift in Sources */ = {isa = PBXBuildFile; fileRef = 453A6D2C27A7073B0000AE1B /* HousesCollectionPresenter.swift */; };
		453A6D2F27A707740000AE1B /* HousesViewContract.swift in Sources */ = {isa = PBXBuildFile; fileRef = 453A6D2E27A707740000AE1B /* HousesViewContract.swift */; };
		453A6D3127A70BD90000AE1B /* HousesCollectionInteractor.swift in Sources */ = {isa = PBXBuildFile; fileRef = 453A6D3027A70BD90000AE1B /* HousesCollectionInteractor.swift */; };
		453A6D3327A713600000AE1B /* HouseCollectionWireframe.swift in Sources */ = {isa = PBXBuildFile; fileRef = 453A6D3227A713600000AE1B /* HouseCollectionWireframe.swift */; };
		458AA39E27B1840100783192 /* UserFormInteractorTests.swift in Sources */ = {isa = PBXBuildFile; fileRef = 458AA39D27B1840100783192 /* UserFormInteractorTests.swift */; };
		459233BE27ABD9A4004CAD89 /* CharactersListInteractorTests.swift in Sources */ = {isa = PBXBuildFile; fileRef = 459233BD27ABD9A4004CAD89 /* CharactersListInteractorTests.swift */; };
		459233C827AC3682004CAD89 /* HarryPotterCharactersIntegrationTests.swift in Sources */ = {isa = PBXBuildFile; fileRef = 459233C727AC3682004CAD89 /* HarryPotterCharactersIntegrationTests.swift */; };
		459233CF27AC36EA004CAD89 /* CharactersProviderTests.swift in Sources */ = {isa = PBXBuildFile; fileRef = 459233CE27AC36EA004CAD89 /* CharactersProviderTests.swift */; };
		45CDAF9D27A8607000FE3C73 /* UserFormViewController.swift in Sources */ = {isa = PBXBuildFile; fileRef = 45CDAF9C27A8607000FE3C73 /* UserFormViewController.swift */; };
		45CDAF9F27A8609900FE3C73 /* UserFormViewController.storyboard in Resources */ = {isa = PBXBuildFile; fileRef = 45CDAF9E27A8609900FE3C73 /* UserFormViewController.storyboard */; };
		45CDAFA327A861EF00FE3C73 /* UserFormContract.swift in Sources */ = {isa = PBXBuildFile; fileRef = 45CDAFA227A861EF00FE3C73 /* UserFormContract.swift */; };
		45CDAFA527A8620F00FE3C73 /* UserFormBuilder.swift in Sources */ = {isa = PBXBuildFile; fileRef = 45CDAFA427A8620F00FE3C73 /* UserFormBuilder.swift */; };
		45CDAFA727A8629E00FE3C73 /* UserFormInteractor.swift in Sources */ = {isa = PBXBuildFile; fileRef = 45CDAFA627A8629E00FE3C73 /* UserFormInteractor.swift */; };
		45CDAFA927A862D400FE3C73 /* UserFormPresenter.swift in Sources */ = {isa = PBXBuildFile; fileRef = 45CDAFA827A862D400FE3C73 /* UserFormPresenter.swift */; };
		45CDAFAB27A8631400FE3C73 /* UserFormProvider.swift in Sources */ = {isa = PBXBuildFile; fileRef = 45CDAFAA27A8631400FE3C73 /* UserFormProvider.swift */; };
		45CDAFAD27A887B600FE3C73 /* UserFormModel.swift in Sources */ = {isa = PBXBuildFile; fileRef = 45CDAFAC27A887B600FE3C73 /* UserFormModel.swift */; };
		45CDAFAF27A887F000FE3C73 /* StringExtensions.swift in Sources */ = {isa = PBXBuildFile; fileRef = 45CDAFAE27A887F000FE3C73 /* StringExtensions.swift */; };
		45CE376A27A41C72007B6BC8 /* AppDelegate.swift in Sources */ = {isa = PBXBuildFile; fileRef = 45CE376927A41C72007B6BC8 /* AppDelegate.swift */; };
		45CE376C27A41C72007B6BC8 /* SceneDelegate.swift in Sources */ = {isa = PBXBuildFile; fileRef = 45CE376B27A41C72007B6BC8 /* SceneDelegate.swift */; };
		45CE377327A41C76007B6BC8 /* Assets.xcassets in Resources */ = {isa = PBXBuildFile; fileRef = 45CE377227A41C76007B6BC8 /* Assets.xcassets */; };
		45CE377627A41C76007B6BC8 /* LaunchScreen.storyboard in Resources */ = {isa = PBXBuildFile; fileRef = 45CE377427A41C76007B6BC8 /* LaunchScreen.storyboard */; };
		45CE378127A41C77007B6BC8 /* HarryPotterCharactersTests.swift in Sources */ = {isa = PBXBuildFile; fileRef = 45CE378027A41C77007B6BC8 /* HarryPotterCharactersTests.swift */; };
		45CE378B27A41C77007B6BC8 /* HarryPotterCharactersUITests.swift in Sources */ = {isa = PBXBuildFile; fileRef = 45CE378A27A41C77007B6BC8 /* HarryPotterCharactersUITests.swift */; };
		45CE378D27A41C77007B6BC8 /* HarryPotterCharactersUITestsLaunchTests.swift in Sources */ = {isa = PBXBuildFile; fileRef = 45CE378C27A41C77007B6BC8 /* HarryPotterCharactersUITestsLaunchTests.swift */; };
		45CE379B27A41D2B007B6BC8 /* Character.swift in Sources */ = {isa = PBXBuildFile; fileRef = 45CE379A27A41D2B007B6BC8 /* Character.swift */; };
		45CE379F27A41F8A007B6BC8 /* ListViewContract.swift in Sources */ = {isa = PBXBuildFile; fileRef = 45CE379E27A41F8A007B6BC8 /* ListViewContract.swift */; };
		45CE37A227A42036007B6BC8 /* ListViewController.storyboard in Resources */ = {isa = PBXBuildFile; fileRef = 45CE37A127A42036007B6BC8 /* ListViewController.storyboard */; };
		45CE37A427A42050007B6BC8 /* ListViewController.swift in Sources */ = {isa = PBXBuildFile; fileRef = 45CE37A327A42050007B6BC8 /* ListViewController.swift */; };
		45CE37A727A423CF007B6BC8 /* CharactersProvider.swift in Sources */ = {isa = PBXBuildFile; fileRef = 45CE37A627A423CF007B6BC8 /* CharactersProvider.swift */; };
		45CE37AA27A42724007B6BC8 /* CharactersListInteractor.swift in Sources */ = {isa = PBXBuildFile; fileRef = 45CE37A927A42724007B6BC8 /* CharactersListInteractor.swift */; };
		45CE37AD27A42804007B6BC8 /* CharactersListPresenter.swift in Sources */ = {isa = PBXBuildFile; fileRef = 45CE37AC27A42804007B6BC8 /* CharactersListPresenter.swift */; };
		45CE37AF27A4298D007B6BC8 /* ListTableViewCell.swift in Sources */ = {isa = PBXBuildFile; fileRef = 45CE37AE27A4298D007B6BC8 /* ListTableViewCell.swift */; };
		45CE37B127A43822007B6BC8 /* ListControllerBuilder.swift in Sources */ = {isa = PBXBuildFile; fileRef = 45CE37B027A43822007B6BC8 /* ListControllerBuilder.swift */; };
		45CE37B327A43843007B6BC8 /* InitialControllerBuilder.swift in Sources */ = {isa = PBXBuildFile; fileRef = 45CE37B227A43843007B6BC8 /* InitialControllerBuilder.swift */; };
		45CE37B627A439A4007B6BC8 /* UIViewControllerExtensions.swift in Sources */ = {isa = PBXBuildFile; fileRef = 45CE37B527A439A4007B6BC8 /* UIViewControllerExtensions.swift */; };
		45CE37BC27A47199007B6BC8 /* DetailViewController.swift in Sources */ = {isa = PBXBuildFile; fileRef = 45CE37BB27A47199007B6BC8 /* DetailViewController.swift */; };
		45CE37C027A4731F007B6BC8 /* DetailViewController.storyboard in Resources */ = {isa = PBXBuildFile; fileRef = 45CE37BF27A4731F007B6BC8 /* DetailViewController.storyboard */; };
		7236A5D17B389E8BE088F154 /* Pods_HarryPotterCharacters_HarryPotterCharactersUITests.framework in Frameworks */ = {isa = PBXBuildFile; fileRef = 4421CE28EF2B6FB61E7A101E /* Pods_HarryPotterCharacters_HarryPotterCharactersUITests.framework */; };
		CBB6801B8952BAFA466F7C82 /* Pods_HarryPotterCharacters.framework in Frameworks */ = {isa = PBXBuildFile; fileRef = B20039BEEBAD1A817D0D43F7 /* Pods_HarryPotterCharacters.framework */; };
/* End PBXBuildFile section */

/* Begin PBXContainerItemProxy section */
		459233C927AC3682004CAD89 /* PBXContainerItemProxy */ = {
			isa = PBXContainerItemProxy;
			containerPortal = 45CE375E27A41C72007B6BC8 /* Project object */;
			proxyType = 1;
			remoteGlobalIDString = 45CE376527A41C72007B6BC8;
			remoteInfo = HarryPotterCharacters;
		};
		45CE377D27A41C77007B6BC8 /* PBXContainerItemProxy */ = {
			isa = PBXContainerItemProxy;
			containerPortal = 45CE375E27A41C72007B6BC8 /* Project object */;
			proxyType = 1;
			remoteGlobalIDString = 45CE376527A41C72007B6BC8;
			remoteInfo = HarryPotterCharacters;
		};
		45CE378727A41C77007B6BC8 /* PBXContainerItemProxy */ = {
			isa = PBXContainerItemProxy;
			containerPortal = 45CE375E27A41C72007B6BC8 /* Project object */;
			proxyType = 1;
			remoteGlobalIDString = 45CE376527A41C72007B6BC8;
			remoteInfo = HarryPotterCharacters;
		};
/* End PBXContainerItemProxy section */

/* Begin PBXFileReference section */
		2FDC4AFDE889DA2D72616F57 /* Pods-HarryPotterCharactersTests.debug.xcconfig */ = {isa = PBXFileReference; includeInIndex = 1; lastKnownFileType = text.xcconfig; name = "Pods-HarryPotterCharactersTests.debug.xcconfig"; path = "Target Support Files/Pods-HarryPotterCharactersTests/Pods-HarryPotterCharactersTests.debug.xcconfig"; sourceTree = "<group>"; };
		4421CE28EF2B6FB61E7A101E /* Pods_HarryPotterCharacters_HarryPotterCharactersUITests.framework */ = {isa = PBXFileReference; explicitFileType = wrapper.framework; includeInIndex = 0; path = Pods_HarryPotterCharacters_HarryPotterCharactersUITests.framework; sourceTree = BUILT_PRODUCTS_DIR; };
		4500E47A27AFF4DC00123B45 /* Colors.xcassets */ = {isa = PBXFileReference; lastKnownFileType = folder.assetcatalog; path = Colors.xcassets; sourceTree = "<group>"; };
		4500E48027B020E700123B45 /* en */ = {isa = PBXFileReference; lastKnownFileType = text.plist.strings; name = en; path = en.lproj/Localizable.strings; sourceTree = "<group>"; };
		4500E48227B0216900123B45 /* es */ = {isa = PBXFileReference; lastKnownFileType = text.plist.strings; name = es; path = es.lproj/Localizable.strings; sourceTree = "<group>"; };
		4500E48327B044C200123B45 /* README.md */ = {isa = PBXFileReference; lastKnownFileType = net.daringfireball.markdown; path = README.md; sourceTree = "<group>"; };
		451F832027A9A65E0014E855 /* DetailInteractor.swift */ = {isa = PBXFileReference; lastKnownFileType = sourcecode.swift; path = DetailInteractor.swift; sourceTree = "<group>"; };
		451F832427AAAD850014E855 /* PermissionsInteractor.swift */ = {isa = PBXFileReference; lastKnownFileType = sourcecode.swift; path = PermissionsInteractor.swift; sourceTree = "<group>"; };
		451F832627AAAD9A0014E855 /* PermissionsPresenter.swift */ = {isa = PBXFileReference; lastKnownFileType = sourcecode.swift; path = PermissionsPresenter.swift; sourceTree = "<group>"; };
		451F832927AAADC90014E855 /* PermissionsContract.swift */ = {isa = PBXFileReference; lastKnownFileType = sourcecode.swift; path = PermissionsContract.swift; sourceTree = "<group>"; };
		451F832B27AAADDB0014E855 /* PermissionsBuilder.swift */ = {isa = PBXFileReference; lastKnownFileType = sourcecode.swift; path = PermissionsBuilder.swift; sourceTree = "<group>"; };
		451F832D27AB29580014E855 /* BundleExtensions.swift */ = {isa = PBXFileReference; lastKnownFileType = sourcecode.swift; path = BundleExtensions.swift; sourceTree = "<group>"; };
		453A6D0127A54D580000AE1B /* DetailControllerBuilder.swift */ = {isa = PBXFileReference; lastKnownFileType = sourcecode.swift; path = DetailControllerBuilder.swift; sourceTree = "<group>"; };
		453A6D0427A54E730000AE1B /* CharactersListWireframe.swift */ = {isa = PBXFileReference; lastKnownFileType = sourcecode.swift; path = CharactersListWireframe.swift; sourceTree = "<group>"; };
		453A6D0727A6B6A40000AE1B /* CollectionViewController.swift */ = {isa = PBXFileReference; lastKnownFileType = sourcecode.swift; path = CollectionViewController.swift; sourceTree = "<group>"; };
		453A6D0927A6B6B40000AE1B /* CollectionViewController.storyboard */ = {isa = PBXFileReference; lastKnownFileType = file.storyboard; path = CollectionViewController.storyboard; sourceTree = "<group>"; };
		453A6D0B27A6B8680000AE1B /* CollectionControllerBuilder.swift */ = {isa = PBXFileReference; lastKnownFileType = sourcecode.swift; path = CollectionControllerBuilder.swift; sourceTree = "<group>"; };
		453A6D0D27A6B8AC0000AE1B /* CollectionViewCell.swift */ = {isa = PBXFileReference; lastKnownFileType = sourcecode.swift; path = CollectionViewCell.swift; sourceTree = "<group>"; };
		453A6D1627A6E80D0000AE1B /* DetailPresenter.swift */ = {isa = PBXFileReference; lastKnownFileType = sourcecode.swift; path = DetailPresenter.swift; sourceTree = "<group>"; };
		453A6D1827A6E81D0000AE1B /* DetailViewContract.swift */ = {isa = PBXFileReference; lastKnownFileType = sourcecode.swift; name = DetailViewContract.swift; path = Presenter/DetailViewContract.swift; sourceTree = "<group>"; };
		453A6D2427A6ED4A0000AE1B /* HousesCollectionViewController.swift */ = {isa = PBXFileReference; lastKnownFileType = sourcecode.swift; path = HousesCollectionViewController.swift; sourceTree = "<group>"; };
		453A6D2627A6ED550000AE1B /* HousesCollectionViewController.storyboard */ = {isa = PBXFileReference; lastKnownFileType = file.storyboard; path = HousesCollectionViewController.storyboard; sourceTree = "<group>"; };
		453A6D2827A6ED8C0000AE1B /* HousesCollectionViewCell.swift */ = {isa = PBXFileReference; lastKnownFileType = sourcecode.swift; path = HousesCollectionViewCell.swift; sourceTree = "<group>"; };
		453A6D2A27A6F37A0000AE1B /* HousesCollectionControllerBuilder.swift */ = {isa = PBXFileReference; lastKnownFileType = sourcecode.swift; path = HousesCollectionControllerBuilder.swift; sourceTree = "<group>"; };
		453A6D2C27A7073B0000AE1B /* HousesCollectionPresenter.swift */ = {isa = PBXFileReference; lastKnownFileType = sourcecode.swift; path = HousesCollectionPresenter.swift; sourceTree = "<group>"; };
		453A6D2E27A707740000AE1B /* HousesViewContract.swift */ = {isa = PBXFileReference; lastKnownFileType = sourcecode.swift; path = HousesViewContract.swift; sourceTree = "<group>"; };
		453A6D3027A70BD90000AE1B /* HousesCollectionInteractor.swift */ = {isa = PBXFileReference; lastKnownFileType = sourcecode.swift; path = HousesCollectionInteractor.swift; sourceTree = "<group>"; };
		453A6D3227A713600000AE1B /* HouseCollectionWireframe.swift */ = {isa = PBXFileReference; lastKnownFileType = sourcecode.swift; path = HouseCollectionWireframe.swift; sourceTree = "<group>"; };
		458AA39D27B1840100783192 /* UserFormInteractorTests.swift */ = {isa = PBXFileReference; lastKnownFileType = sourcecode.swift; path = UserFormInteractorTests.swift; sourceTree = "<group>"; };
		459233BD27ABD9A4004CAD89 /* CharactersListInteractorTests.swift */ = {isa = PBXFileReference; lastKnownFileType = sourcecode.swift; path = CharactersListInteractorTests.swift; sourceTree = "<group>"; };
		459233C527AC3682004CAD89 /* HarryPotterCharactersIntegrationTests.xctest */ = {isa = PBXFileReference; explicitFileType = wrapper.cfbundle; includeInIndex = 0; path = HarryPotterCharactersIntegrationTests.xctest; sourceTree = BUILT_PRODUCTS_DIR; };
		459233C727AC3682004CAD89 /* HarryPotterCharactersIntegrationTests.swift */ = {isa = PBXFileReference; lastKnownFileType = sourcecode.swift; path = HarryPotterCharactersIntegrationTests.swift; sourceTree = "<group>"; };
		459233CE27AC36EA004CAD89 /* CharactersProviderTests.swift */ = {isa = PBXFileReference; lastKnownFileType = sourcecode.swift; path = CharactersProviderTests.swift; sourceTree = "<group>"; };
		45CDAF9C27A8607000FE3C73 /* UserFormViewController.swift */ = {isa = PBXFileReference; lastKnownFileType = sourcecode.swift; path = UserFormViewController.swift; sourceTree = "<group>"; };
		45CDAF9E27A8609900FE3C73 /* UserFormViewController.storyboard */ = {isa = PBXFileReference; lastKnownFileType = file.storyboard; path = UserFormViewController.storyboard; sourceTree = "<group>"; };
		45CDAFA227A861EF00FE3C73 /* UserFormContract.swift */ = {isa = PBXFileReference; lastKnownFileType = sourcecode.swift; path = UserFormContract.swift; sourceTree = "<group>"; };
		45CDAFA427A8620F00FE3C73 /* UserFormBuilder.swift */ = {isa = PBXFileReference; lastKnownFileType = sourcecode.swift; path = UserFormBuilder.swift; sourceTree = "<group>"; };
		45CDAFA627A8629E00FE3C73 /* UserFormInteractor.swift */ = {isa = PBXFileReference; lastKnownFileType = sourcecode.swift; path = UserFormInteractor.swift; sourceTree = "<group>"; };
		45CDAFA827A862D400FE3C73 /* UserFormPresenter.swift */ = {isa = PBXFileReference; lastKnownFileType = sourcecode.swift; path = UserFormPresenter.swift; sourceTree = "<group>"; };
		45CDAFAA27A8631400FE3C73 /* UserFormProvider.swift */ = {isa = PBXFileReference; lastKnownFileType = sourcecode.swift; path = UserFormProvider.swift; sourceTree = "<group>"; };
		45CDAFAC27A887B600FE3C73 /* UserFormModel.swift */ = {isa = PBXFileReference; lastKnownFileType = sourcecode.swift; path = UserFormModel.swift; sourceTree = "<group>"; };
		45CDAFAE27A887F000FE3C73 /* StringExtensions.swift */ = {isa = PBXFileReference; lastKnownFileType = sourcecode.swift; path = StringExtensions.swift; sourceTree = "<group>"; };
		45CE376627A41C72007B6BC8 /* HarryPotterCharacters.app */ = {isa = PBXFileReference; explicitFileType = wrapper.application; includeInIndex = 0; path = HarryPotterCharacters.app; sourceTree = BUILT_PRODUCTS_DIR; };
		45CE376927A41C72007B6BC8 /* AppDelegate.swift */ = {isa = PBXFileReference; lastKnownFileType = sourcecode.swift; path = AppDelegate.swift; sourceTree = "<group>"; };
		45CE376B27A41C72007B6BC8 /* SceneDelegate.swift */ = {isa = PBXFileReference; lastKnownFileType = sourcecode.swift; path = SceneDelegate.swift; sourceTree = "<group>"; };
		45CE377227A41C76007B6BC8 /* Assets.xcassets */ = {isa = PBXFileReference; lastKnownFileType = folder.assetcatalog; path = Assets.xcassets; sourceTree = "<group>"; };
		45CE377527A41C76007B6BC8 /* Base */ = {isa = PBXFileReference; lastKnownFileType = file.storyboard; name = Base; path = Base.lproj/LaunchScreen.storyboard; sourceTree = "<group>"; };
		45CE377727A41C76007B6BC8 /* Info.plist */ = {isa = PBXFileReference; lastKnownFileType = text.plist.xml; path = Info.plist; sourceTree = "<group>"; };
		45CE377C27A41C77007B6BC8 /* HarryPotterCharactersTests.xctest */ = {isa = PBXFileReference; explicitFileType = wrapper.cfbundle; includeInIndex = 0; path = HarryPotterCharactersTests.xctest; sourceTree = BUILT_PRODUCTS_DIR; };
		45CE378027A41C77007B6BC8 /* HarryPotterCharactersTests.swift */ = {isa = PBXFileReference; lastKnownFileType = sourcecode.swift; path = HarryPotterCharactersTests.swift; sourceTree = "<group>"; };
		45CE378627A41C77007B6BC8 /* HarryPotterCharactersUITests.xctest */ = {isa = PBXFileReference; explicitFileType = wrapper.cfbundle; includeInIndex = 0; path = HarryPotterCharactersUITests.xctest; sourceTree = BUILT_PRODUCTS_DIR; };
		45CE378A27A41C77007B6BC8 /* HarryPotterCharactersUITests.swift */ = {isa = PBXFileReference; lastKnownFileType = sourcecode.swift; path = HarryPotterCharactersUITests.swift; sourceTree = "<group>"; };
		45CE378C27A41C77007B6BC8 /* HarryPotterCharactersUITestsLaunchTests.swift */ = {isa = PBXFileReference; lastKnownFileType = sourcecode.swift; path = HarryPotterCharactersUITestsLaunchTests.swift; sourceTree = "<group>"; };
		45CE379A27A41D2B007B6BC8 /* Character.swift */ = {isa = PBXFileReference; lastKnownFileType = sourcecode.swift; path = Character.swift; sourceTree = "<group>"; };
		45CE379E27A41F8A007B6BC8 /* ListViewContract.swift */ = {isa = PBXFileReference; lastKnownFileType = sourcecode.swift; path = ListViewContract.swift; sourceTree = "<group>"; };
		45CE37A127A42036007B6BC8 /* ListViewController.storyboard */ = {isa = PBXFileReference; lastKnownFileType = file.storyboard; path = ListViewController.storyboard; sourceTree = "<group>"; };
		45CE37A327A42050007B6BC8 /* ListViewController.swift */ = {isa = PBXFileReference; lastKnownFileType = sourcecode.swift; path = ListViewController.swift; sourceTree = "<group>"; };
		45CE37A627A423CF007B6BC8 /* CharactersProvider.swift */ = {isa = PBXFileReference; lastKnownFileType = sourcecode.swift; path = CharactersProvider.swift; sourceTree = "<group>"; };
		45CE37A927A42724007B6BC8 /* CharactersListInteractor.swift */ = {isa = PBXFileReference; lastKnownFileType = sourcecode.swift; path = CharactersListInteractor.swift; sourceTree = "<group>"; };
		45CE37AC27A42804007B6BC8 /* CharactersListPresenter.swift */ = {isa = PBXFileReference; lastKnownFileType = sourcecode.swift; path = CharactersListPresenter.swift; sourceTree = "<group>"; };
		45CE37AE27A4298D007B6BC8 /* ListTableViewCell.swift */ = {isa = PBXFileReference; lastKnownFileType = sourcecode.swift; path = ListTableViewCell.swift; sourceTree = "<group>"; };
		45CE37B027A43822007B6BC8 /* ListControllerBuilder.swift */ = {isa = PBXFileReference; lastKnownFileType = sourcecode.swift; path = ListControllerBuilder.swift; sourceTree = "<group>"; };
		45CE37B227A43843007B6BC8 /* InitialControllerBuilder.swift */ = {isa = PBXFileReference; lastKnownFileType = sourcecode.swift; path = InitialControllerBuilder.swift; sourceTree = "<group>"; };
		45CE37B527A439A4007B6BC8 /* UIViewControllerExtensions.swift */ = {isa = PBXFileReference; lastKnownFileType = sourcecode.swift; path = UIViewControllerExtensions.swift; sourceTree = "<group>"; };
		45CE37BB27A47199007B6BC8 /* DetailViewController.swift */ = {isa = PBXFileReference; lastKnownFileType = sourcecode.swift; path = DetailViewController.swift; sourceTree = "<group>"; };
		45CE37BF27A4731F007B6BC8 /* DetailViewController.storyboard */ = {isa = PBXFileReference; lastKnownFileType = file.storyboard; path = DetailViewController.storyboard; sourceTree = "<group>"; };
		7C101858823A64266ADCA2EB /* Pods-HarryPotterCharacters.release.xcconfig */ = {isa = PBXFileReference; includeInIndex = 1; lastKnownFileType = text.xcconfig; name = "Pods-HarryPotterCharacters.release.xcconfig"; path = "Target Support Files/Pods-HarryPotterCharacters/Pods-HarryPotterCharacters.release.xcconfig"; sourceTree = "<group>"; };
		AD8813C59D25416E659F67FA /* Pods-HarryPotterCharacters-HarryPotterCharactersUITests.release.xcconfig */ = {isa = PBXFileReference; includeInIndex = 1; lastKnownFileType = text.xcconfig; name = "Pods-HarryPotterCharacters-HarryPotterCharactersUITests.release.xcconfig"; path = "Target Support Files/Pods-HarryPotterCharacters-HarryPotterCharactersUITests/Pods-HarryPotterCharacters-HarryPotterCharactersUITests.release.xcconfig"; sourceTree = "<group>"; };
		B20039BEEBAD1A817D0D43F7 /* Pods_HarryPotterCharacters.framework */ = {isa = PBXFileReference; explicitFileType = wrapper.framework; includeInIndex = 0; path = Pods_HarryPotterCharacters.framework; sourceTree = BUILT_PRODUCTS_DIR; };
		B705DCFE344C7E4A2C053427 /* Pods-HarryPotterCharactersTests.release.xcconfig */ = {isa = PBXFileReference; includeInIndex = 1; lastKnownFileType = text.xcconfig; name = "Pods-HarryPotterCharactersTests.release.xcconfig"; path = "Target Support Files/Pods-HarryPotterCharactersTests/Pods-HarryPotterCharactersTests.release.xcconfig"; sourceTree = "<group>"; };
		B9E64CC03583E1A83ABBD695 /* Pods-HarryPotterCharacters-HarryPotterCharactersUITests.debug.xcconfig */ = {isa = PBXFileReference; includeInIndex = 1; lastKnownFileType = text.xcconfig; name = "Pods-HarryPotterCharacters-HarryPotterCharactersUITests.debug.xcconfig"; path = "Target Support Files/Pods-HarryPotterCharacters-HarryPotterCharactersUITests/Pods-HarryPotterCharacters-HarryPotterCharactersUITests.debug.xcconfig"; sourceTree = "<group>"; };
		DECF03FA194CD3318E55926E /* Pods-HarryPotterCharacters.debug.xcconfig */ = {isa = PBXFileReference; includeInIndex = 1; lastKnownFileType = text.xcconfig; name = "Pods-HarryPotterCharacters.debug.xcconfig"; path = "Target Support Files/Pods-HarryPotterCharacters/Pods-HarryPotterCharacters.debug.xcconfig"; sourceTree = "<group>"; };
		F5201EBC356CAEF92A054C8F /* Pods_HarryPotterCharactersTests.framework */ = {isa = PBXFileReference; explicitFileType = wrapper.framework; includeInIndex = 0; path = Pods_HarryPotterCharactersTests.framework; sourceTree = BUILT_PRODUCTS_DIR; };
/* End PBXFileReference section */

/* Begin PBXFrameworksBuildPhase section */
		459233C227AC3682004CAD89 /* Frameworks */ = {
			isa = PBXFrameworksBuildPhase;
			buildActionMask = 2147483647;
			files = (
			);
			runOnlyForDeploymentPostprocessing = 0;
		};
		45CE376327A41C72007B6BC8 /* Frameworks */ = {
			isa = PBXFrameworksBuildPhase;
			buildActionMask = 2147483647;
			files = (
				CBB6801B8952BAFA466F7C82 /* Pods_HarryPotterCharacters.framework in Frameworks */,
			);
			runOnlyForDeploymentPostprocessing = 0;
		};
		45CE377927A41C77007B6BC8 /* Frameworks */ = {
			isa = PBXFrameworksBuildPhase;
			buildActionMask = 2147483647;
			files = (
				2713DB89925E9E17BDDF5969 /* Pods_HarryPotterCharactersTests.framework in Frameworks */,
			);
			runOnlyForDeploymentPostprocessing = 0;
		};
		45CE378327A41C77007B6BC8 /* Frameworks */ = {
			isa = PBXFrameworksBuildPhase;
			buildActionMask = 2147483647;
			files = (
				7236A5D17B389E8BE088F154 /* Pods_HarryPotterCharacters_HarryPotterCharactersUITests.framework in Frameworks */,
			);
			runOnlyForDeploymentPostprocessing = 0;
		};
/* End PBXFrameworksBuildPhase section */

/* Begin PBXGroup section */
		4500E47C27B0207300123B45 /* Supporting files */ = {
			isa = PBXGroup;
			children = (
				45CE377227A41C76007B6BC8 /* Assets.xcassets */,
				4500E47A27AFF4DC00123B45 /* Colors.xcassets */,
				4500E48127B020E700123B45 /* Localizable.strings */,
			);
			path = "Supporting files";
			sourceTree = "<group>";
		};
		451F832227A9C3660014E855 /* Interactor */ = {
			isa = PBXGroup;
			children = (
				451F832027A9A65E0014E855 /* DetailInteractor.swift */,
			);
			path = Interactor;
			sourceTree = "<group>";
		};
		451F832327AAAD4E0014E855 /* Permissions */ = {
			isa = PBXGroup;
			children = (
				451F832427AAAD850014E855 /* PermissionsInteractor.swift */,
				451F832627AAAD9A0014E855 /* PermissionsPresenter.swift */,
				451F832927AAADC90014E855 /* PermissionsContract.swift */,
				451F832B27AAADDB0014E855 /* PermissionsBuilder.swift */,
			);
			path = Permissions;
			sourceTree = "<group>";
		};
		453A6D0327A54E4D0000AE1B /* Wireframe */ = {
			isa = PBXGroup;
			children = (
				453A6D0427A54E730000AE1B /* CharactersListWireframe.swift */,
			);
			path = Wireframe;
			sourceTree = "<group>";
		};
		453A6D0627A6B6400000AE1B /* Collection */ = {
			isa = PBXGroup;
			children = (
				453A6D1A27A6EB4A0000AE1B /* UI */,
				453A6D0B27A6B8680000AE1B /* CollectionControllerBuilder.swift */,
			);
			path = Collection;
			sourceTree = "<group>";
		};
		453A6D1527A6E7ED0000AE1B /* Presenter */ = {
			isa = PBXGroup;
			children = (
				453A6D1627A6E80D0000AE1B /* DetailPresenter.swift */,
			);
			path = Presenter;
			sourceTree = "<group>";
		};
		453A6D1A27A6EB4A0000AE1B /* UI */ = {
			isa = PBXGroup;
			children = (
				453A6D0927A6B6B40000AE1B /* CollectionViewController.storyboard */,
				453A6D0727A6B6A40000AE1B /* CollectionViewController.swift */,
				453A6D0D27A6B8AC0000AE1B /* CollectionViewCell.swift */,
			);
			path = UI;
			sourceTree = "<group>";
		};
		453A6D1B27A6EB8D0000AE1B /* HousesCollection */ = {
			isa = PBXGroup;
			children = (
				453A6D3727A7395C0000AE1B /* Wireframe */,
				453A6D3627A738CD0000AE1B /* Interactor */,
				453A6D3527A738980000AE1B /* Presenter */,
				453A6D3427A738790000AE1B /* UI */,
				453A6D2A27A6F37A0000AE1B /* HousesCollectionControllerBuilder.swift */,
				453A6D2E27A707740000AE1B /* HousesViewContract.swift */,
			);
			path = HousesCollection;
			sourceTree = "<group>";
		};
		453A6D3427A738790000AE1B /* UI */ = {
			isa = PBXGroup;
			children = (
				453A6D2627A6ED550000AE1B /* HousesCollectionViewController.storyboard */,
				453A6D2427A6ED4A0000AE1B /* HousesCollectionViewController.swift */,
				453A6D2827A6ED8C0000AE1B /* HousesCollectionViewCell.swift */,
			);
			path = UI;
			sourceTree = "<group>";
		};
		453A6D3527A738980000AE1B /* Presenter */ = {
			isa = PBXGroup;
			children = (
				453A6D2C27A7073B0000AE1B /* HousesCollectionPresenter.swift */,
			);
			path = Presenter;
			sourceTree = "<group>";
		};
		453A6D3627A738CD0000AE1B /* Interactor */ = {
			isa = PBXGroup;
			children = (
				453A6D3027A70BD90000AE1B /* HousesCollectionInteractor.swift */,
			);
			path = Interactor;
			sourceTree = "<group>";
		};
		453A6D3727A7395C0000AE1B /* Wireframe */ = {
			isa = PBXGroup;
			children = (
				453A6D3227A713600000AE1B /* HouseCollectionWireframe.swift */,
			);
			path = Wireframe;
			sourceTree = "<group>";
		};
		459233C627AC3682004CAD89 /* HarryPotterCharactersIntegrationTests */ = {
			isa = PBXGroup;
			children = (
				459233C727AC3682004CAD89 /* HarryPotterCharactersIntegrationTests.swift */,
				459233CE27AC36EA004CAD89 /* CharactersProviderTests.swift */,
			);
			path = HarryPotterCharactersIntegrationTests;
			sourceTree = "<group>";
		};
		45CDAF9A27A8602A00FE3C73 /* UserForm */ = {
			isa = PBXGroup;
			children = (
				45CDAFA127A861BC00FE3C73 /* Interactor */,
				45CDAFA027A861AE00FE3C73 /* Presenter */,
				45CDAF9B27A8603900FE3C73 /* UI */,
				45CDAFA427A8620F00FE3C73 /* UserFormBuilder.swift */,
				45CDAFA227A861EF00FE3C73 /* UserFormContract.swift */,
			);
			path = UserForm;
			sourceTree = "<group>";
		};
		45CDAF9B27A8603900FE3C73 /* UI */ = {
			isa = PBXGroup;
			children = (
				45CDAF9E27A8609900FE3C73 /* UserFormViewController.storyboard */,
				45CDAF9C27A8607000FE3C73 /* UserFormViewController.swift */,
			);
			path = UI;
			sourceTree = "<group>";
		};
		45CDAFA027A861AE00FE3C73 /* Presenter */ = {
			isa = PBXGroup;
			children = (
				45CDAFA827A862D400FE3C73 /* UserFormPresenter.swift */,
			);
			path = Presenter;
			sourceTree = "<group>";
		};
		45CDAFA127A861BC00FE3C73 /* Interactor */ = {
			isa = PBXGroup;
			children = (
				45CDAFA627A8629E00FE3C73 /* UserFormInteractor.swift */,
			);
			path = Interactor;
			sourceTree = "<group>";
		};
		45CE375D27A41C72007B6BC8 = {
			isa = PBXGroup;
			children = (
				4500E48327B044C200123B45 /* README.md */,
				45CE376827A41C72007B6BC8 /* HarryPotterCharacters */,
				45CE377F27A41C77007B6BC8 /* HarryPotterCharactersTests */,
				45CE378927A41C77007B6BC8 /* HarryPotterCharactersUITests */,
				459233C627AC3682004CAD89 /* HarryPotterCharactersIntegrationTests */,
				45CE376727A41C72007B6BC8 /* Products */,
				D4B7558E20770E595ED15F2D /* Pods */,
				52B8273C90D52B1315110375 /* Frameworks */,
			);
			sourceTree = "<group>";
		};
		45CE376727A41C72007B6BC8 /* Products */ = {
			isa = PBXGroup;
			children = (
				45CE376627A41C72007B6BC8 /* HarryPotterCharacters.app */,
				45CE377C27A41C77007B6BC8 /* HarryPotterCharactersTests.xctest */,
				45CE378627A41C77007B6BC8 /* HarryPotterCharactersUITests.xctest */,
				459233C527AC3682004CAD89 /* HarryPotterCharactersIntegrationTests.xctest */,
			);
			name = Products;
			sourceTree = "<group>";
		};
		45CE376827A41C72007B6BC8 /* HarryPotterCharacters */ = {
			isa = PBXGroup;
			children = (
				45CE376927A41C72007B6BC8 /* AppDelegate.swift */,
				45CE376B27A41C72007B6BC8 /* SceneDelegate.swift */,
				45CE37B427A43983007B6BC8 /* Extensions */,
				45CE37A527A423AD007B6BC8 /* Providers */,
				45CE379C27A41E88007B6BC8 /* Modules */,
				45CE379927A41D07007B6BC8 /* Models */,
				45CE377427A41C76007B6BC8 /* LaunchScreen.storyboard */,
				45CE377727A41C76007B6BC8 /* Info.plist */,
				4500E47C27B0207300123B45 /* Supporting files */,
			);
			path = HarryPotterCharacters;
			sourceTree = "<group>";
		};
		45CE377F27A41C77007B6BC8 /* HarryPotterCharactersTests */ = {
			isa = PBXGroup;
			children = (
				45CE378027A41C77007B6BC8 /* HarryPotterCharactersTests.swift */,
				459233BD27ABD9A4004CAD89 /* CharactersListInteractorTests.swift */,
				458AA39D27B1840100783192 /* UserFormInteractorTests.swift */,
			);
			path = HarryPotterCharactersTests;
			sourceTree = "<group>";
		};
		45CE378927A41C77007B6BC8 /* HarryPotterCharactersUITests */ = {
			isa = PBXGroup;
			children = (
				45CE378A27A41C77007B6BC8 /* HarryPotterCharactersUITests.swift */,
				45CE378C27A41C77007B6BC8 /* HarryPotterCharactersUITestsLaunchTests.swift */,
			);
			path = HarryPotterCharactersUITests;
			sourceTree = "<group>";
		};
		45CE379927A41D07007B6BC8 /* Models */ = {
			isa = PBXGroup;
			children = (
				45CE379A27A41D2B007B6BC8 /* Character.swift */,
				45CDAFAC27A887B600FE3C73 /* UserFormModel.swift */,
			);
			path = Models;
			sourceTree = "<group>";
		};
		45CE379C27A41E88007B6BC8 /* Modules */ = {
			isa = PBXGroup;
			children = (
				451F832327AAAD4E0014E855 /* Permissions */,
				45CDAF9A27A8602A00FE3C73 /* UserForm */,
				453A6D1B27A6EB8D0000AE1B /* HousesCollection */,
				453A6D0627A6B6400000AE1B /* Collection */,
				45CE37B727A47144007B6BC8 /* Detail */,
				45CE379D27A41EA1007B6BC8 /* ListController */,
				45CE37B227A43843007B6BC8 /* InitialControllerBuilder.swift */,
			);
			path = Modules;
			sourceTree = "<group>";
		};
		45CE379D27A41EA1007B6BC8 /* ListController */ = {
			isa = PBXGroup;
			children = (
				453A6D0327A54E4D0000AE1B /* Wireframe */,
				45CE37A827A42701007B6BC8 /* Interactor */,
				45CE37AB27A427E8007B6BC8 /* Presenter */,
				45CE37A027A42016007B6BC8 /* UI */,
				45CE379E27A41F8A007B6BC8 /* ListViewContract.swift */,
				45CE37B027A43822007B6BC8 /* ListControllerBuilder.swift */,
			);
			path = ListController;
			sourceTree = "<group>";
		};
		45CE37A027A42016007B6BC8 /* UI */ = {
			isa = PBXGroup;
			children = (
				45CE37A127A42036007B6BC8 /* ListViewController.storyboard */,
				45CE37A327A42050007B6BC8 /* ListViewController.swift */,
				45CE37AE27A4298D007B6BC8 /* ListTableViewCell.swift */,
			);
			path = UI;
			sourceTree = "<group>";
		};
		45CE37A527A423AD007B6BC8 /* Providers */ = {
			isa = PBXGroup;
			children = (
				45CE37A627A423CF007B6BC8 /* CharactersProvider.swift */,
				45CDAFAA27A8631400FE3C73 /* UserFormProvider.swift */,
			);
			path = Providers;
			sourceTree = "<group>";
		};
		45CE37A827A42701007B6BC8 /* Interactor */ = {
			isa = PBXGroup;
			children = (
				45CE37A927A42724007B6BC8 /* CharactersListInteractor.swift */,
			);
			path = Interactor;
			sourceTree = "<group>";
		};
		45CE37AB27A427E8007B6BC8 /* Presenter */ = {
			isa = PBXGroup;
			children = (
				45CE37AC27A42804007B6BC8 /* CharactersListPresenter.swift */,
			);
			path = Presenter;
			sourceTree = "<group>";
		};
		45CE37B427A43983007B6BC8 /* Extensions */ = {
			isa = PBXGroup;
			children = (
				45CE37B527A439A4007B6BC8 /* UIViewControllerExtensions.swift */,
				45CDAFAE27A887F000FE3C73 /* StringExtensions.swift */,
				451F832D27AB29580014E855 /* BundleExtensions.swift */,
			);
			path = Extensions;
			sourceTree = "<group>";
		};
		45CE37B727A47144007B6BC8 /* Detail */ = {
			isa = PBXGroup;
			children = (
				451F832227A9C3660014E855 /* Interactor */,
				453A6D1527A6E7ED0000AE1B /* Presenter */,
				45CE37BA27A4717A007B6BC8 /* UI */,
				453A6D0127A54D580000AE1B /* DetailControllerBuilder.swift */,
				453A6D1827A6E81D0000AE1B /* DetailViewContract.swift */,
			);
			path = Detail;
			sourceTree = "<group>";
		};
		45CE37BA27A4717A007B6BC8 /* UI */ = {
			isa = PBXGroup;
			children = (
				45CE37BF27A4731F007B6BC8 /* DetailViewController.storyboard */,
				45CE37BB27A47199007B6BC8 /* DetailViewController.swift */,
			);
			path = UI;
			sourceTree = "<group>";
		};
		52B8273C90D52B1315110375 /* Frameworks */ = {
			isa = PBXGroup;
			children = (
				B20039BEEBAD1A817D0D43F7 /* Pods_HarryPotterCharacters.framework */,
				4421CE28EF2B6FB61E7A101E /* Pods_HarryPotterCharacters_HarryPotterCharactersUITests.framework */,
				F5201EBC356CAEF92A054C8F /* Pods_HarryPotterCharactersTests.framework */,
			);
			name = Frameworks;
			sourceTree = "<group>";
		};
		D4B7558E20770E595ED15F2D /* Pods */ = {
			isa = PBXGroup;
			children = (
				DECF03FA194CD3318E55926E /* Pods-HarryPotterCharacters.debug.xcconfig */,
				7C101858823A64266ADCA2EB /* Pods-HarryPotterCharacters.release.xcconfig */,
				B9E64CC03583E1A83ABBD695 /* Pods-HarryPotterCharacters-HarryPotterCharactersUITests.debug.xcconfig */,
				AD8813C59D25416E659F67FA /* Pods-HarryPotterCharacters-HarryPotterCharactersUITests.release.xcconfig */,
				2FDC4AFDE889DA2D72616F57 /* Pods-HarryPotterCharactersTests.debug.xcconfig */,
				B705DCFE344C7E4A2C053427 /* Pods-HarryPotterCharactersTests.release.xcconfig */,
			);
			path = Pods;
			sourceTree = "<group>";
		};
/* End PBXGroup section */

/* Begin PBXNativeTarget section */
		459233C427AC3682004CAD89 /* HarryPotterCharactersIntegrationTests */ = {
			isa = PBXNativeTarget;
			buildConfigurationList = 459233CB27AC3682004CAD89 /* Build configuration list for PBXNativeTarget "HarryPotterCharactersIntegrationTests" */;
			buildPhases = (
				459233C127AC3682004CAD89 /* Sources */,
				459233C227AC3682004CAD89 /* Frameworks */,
				459233C327AC3682004CAD89 /* Resources */,
			);
			buildRules = (
			);
			dependencies = (
				459233CA27AC3682004CAD89 /* PBXTargetDependency */,
			);
			name = HarryPotterCharactersIntegrationTests;
			productName = HarryPotterCharactersIntegrationTests;
			productReference = 459233C527AC3682004CAD89 /* HarryPotterCharactersIntegrationTests.xctest */;
			productType = "com.apple.product-type.bundle.unit-test";
		};
		45CE376527A41C72007B6BC8 /* HarryPotterCharacters */ = {
			isa = PBXNativeTarget;
			buildConfigurationList = 45CE379027A41C77007B6BC8 /* Build configuration list for PBXNativeTarget "HarryPotterCharacters" */;
			buildPhases = (
				F9E9011F6E187E6DBE3860E2 /* [CP] Check Pods Manifest.lock */,
				45CE376227A41C72007B6BC8 /* Sources */,
				45CE376327A41C72007B6BC8 /* Frameworks */,
				45CE376427A41C72007B6BC8 /* Resources */,
				34E58486B4A24C241E72599E /* [CP] Embed Pods Frameworks */,
			);
			buildRules = (
			);
			dependencies = (
			);
			name = HarryPotterCharacters;
			productName = HarryPotterCharacters;
			productReference = 45CE376627A41C72007B6BC8 /* HarryPotterCharacters.app */;
			productType = "com.apple.product-type.application";
		};
		45CE377B27A41C77007B6BC8 /* HarryPotterCharactersTests */ = {
			isa = PBXNativeTarget;
			buildConfigurationList = 45CE379327A41C77007B6BC8 /* Build configuration list for PBXNativeTarget "HarryPotterCharactersTests" */;
			buildPhases = (
				FC897B8E840AB03237BA5554 /* [CP] Check Pods Manifest.lock */,
				45CE377827A41C77007B6BC8 /* Sources */,
				45CE377927A41C77007B6BC8 /* Frameworks */,
				45CE377A27A41C77007B6BC8 /* Resources */,
			);
			buildRules = (
			);
			dependencies = (
				45CE377E27A41C77007B6BC8 /* PBXTargetDependency */,
			);
			name = HarryPotterCharactersTests;
			productName = HarryPotterCharactersTests;
			productReference = 45CE377C27A41C77007B6BC8 /* HarryPotterCharactersTests.xctest */;
			productType = "com.apple.product-type.bundle.unit-test";
		};
		45CE378527A41C77007B6BC8 /* HarryPotterCharactersUITests */ = {
			isa = PBXNativeTarget;
			buildConfigurationList = 45CE379627A41C77007B6BC8 /* Build configuration list for PBXNativeTarget "HarryPotterCharactersUITests" */;
			buildPhases = (
				7BFB11F4905F954F114511F3 /* [CP] Check Pods Manifest.lock */,
				45CE378227A41C77007B6BC8 /* Sources */,
				45CE378327A41C77007B6BC8 /* Frameworks */,
				45CE378427A41C77007B6BC8 /* Resources */,
				B967471F811FF4847D4FCCFC /* [CP] Embed Pods Frameworks */,
			);
			buildRules = (
			);
			dependencies = (
				45CE378827A41C77007B6BC8 /* PBXTargetDependency */,
			);
			name = HarryPotterCharactersUITests;
			productName = HarryPotterCharactersUITests;
			productReference = 45CE378627A41C77007B6BC8 /* HarryPotterCharactersUITests.xctest */;
			productType = "com.apple.product-type.bundle.ui-testing";
		};
/* End PBXNativeTarget section */

/* Begin PBXProject section */
		45CE375E27A41C72007B6BC8 /* Project object */ = {
			isa = PBXProject;
			attributes = {
				BuildIndependentTargetsInParallel = 1;
				LastSwiftUpdateCheck = 1320;
				LastUpgradeCheck = 1320;
				TargetAttributes = {
					459233C427AC3682004CAD89 = {
						CreatedOnToolsVersion = 13.2.1;
						TestTargetID = 45CE376527A41C72007B6BC8;
					};
					45CE376527A41C72007B6BC8 = {
						CreatedOnToolsVersion = 13.2.1;
					};
					45CE377B27A41C77007B6BC8 = {
						CreatedOnToolsVersion = 13.2.1;
						TestTargetID = 45CE376527A41C72007B6BC8;
					};
					45CE378527A41C77007B6BC8 = {
						CreatedOnToolsVersion = 13.2.1;
						TestTargetID = 45CE376527A41C72007B6BC8;
					};
				};
			};
			buildConfigurationList = 45CE376127A41C72007B6BC8 /* Build configuration list for PBXProject "HarryPotterCharacters" */;
			compatibilityVersion = "Xcode 13.0";
			developmentRegion = en;
			hasScannedForEncodings = 0;
			knownRegions = (
				en,
				Base,
				es,
			);
			mainGroup = 45CE375D27A41C72007B6BC8;
			productRefGroup = 45CE376727A41C72007B6BC8 /* Products */;
			projectDirPath = "";
			projectRoot = "";
			targets = (
				45CE376527A41C72007B6BC8 /* HarryPotterCharacters */,
				45CE377B27A41C77007B6BC8 /* HarryPotterCharactersTests */,
				45CE378527A41C77007B6BC8 /* HarryPotterCharactersUITests */,
				459233C427AC3682004CAD89 /* HarryPotterCharactersIntegrationTests */,
			);
		};
/* End PBXProject section */

/* Begin PBXResourcesBuildPhase section */
		459233C327AC3682004CAD89 /* Resources */ = {
			isa = PBXResourcesBuildPhase;
			buildActionMask = 2147483647;
			files = (
			);
			runOnlyForDeploymentPostprocessing = 0;
		};
		45CE376427A41C72007B6BC8 /* Resources */ = {
			isa = PBXResourcesBuildPhase;
			buildActionMask = 2147483647;
			files = (
				45CDAF9F27A8609900FE3C73 /* UserFormViewController.storyboard in Resources */,
				453A6D0A27A6B6B40000AE1B /* CollectionViewController.storyboard in Resources */,
				45CE37C027A4731F007B6BC8 /* DetailViewController.storyboard in Resources */,
				453A6D2727A6ED550000AE1B /* HousesCollectionViewController.storyboard in Resources */,
				4500E47F27B020E700123B45 /* Localizable.strings in Resources */,
				45CE377627A41C76007B6BC8 /* LaunchScreen.storyboard in Resources */,
				4500E47B27AFF4DC00123B45 /* Colors.xcassets in Resources */,
				45CE377327A41C76007B6BC8 /* Assets.xcassets in Resources */,
				45CE37A227A42036007B6BC8 /* ListViewController.storyboard in Resources */,
			);
			runOnlyForDeploymentPostprocessing = 0;
		};
		45CE377A27A41C77007B6BC8 /* Resources */ = {
			isa = PBXResourcesBuildPhase;
			buildActionMask = 2147483647;
			files = (
			);
			runOnlyForDeploymentPostprocessing = 0;
		};
		45CE378427A41C77007B6BC8 /* Resources */ = {
			isa = PBXResourcesBuildPhase;
			buildActionMask = 2147483647;
			files = (
			);
			runOnlyForDeploymentPostprocessing = 0;
		};
/* End PBXResourcesBuildPhase section */

/* Begin PBXShellScriptBuildPhase section */
		34E58486B4A24C241E72599E /* [CP] Embed Pods Frameworks */ = {
			isa = PBXShellScriptBuildPhase;
			buildActionMask = 2147483647;
			files = (
			);
			inputFileListPaths = (
				"${PODS_ROOT}/Target Support Files/Pods-HarryPotterCharacters/Pods-HarryPotterCharacters-frameworks-${CONFIGURATION}-input-files.xcfilelist",
			);
			name = "[CP] Embed Pods Frameworks";
			outputFileListPaths = (
				"${PODS_ROOT}/Target Support Files/Pods-HarryPotterCharacters/Pods-HarryPotterCharacters-frameworks-${CONFIGURATION}-output-files.xcfilelist",
			);
			runOnlyForDeploymentPostprocessing = 0;
			shellPath = /bin/sh;
			shellScript = "\"${PODS_ROOT}/Target Support Files/Pods-HarryPotterCharacters/Pods-HarryPotterCharacters-frameworks.sh\"\n";
			showEnvVarsInLog = 0;
		};
		7BFB11F4905F954F114511F3 /* [CP] Check Pods Manifest.lock */ = {
			isa = PBXShellScriptBuildPhase;
			buildActionMask = 2147483647;
			files = (
			);
			inputFileListPaths = (
			);
			inputPaths = (
				"${PODS_PODFILE_DIR_PATH}/Podfile.lock",
				"${PODS_ROOT}/Manifest.lock",
			);
			name = "[CP] Check Pods Manifest.lock";
			outputFileListPaths = (
			);
			outputPaths = (
				"$(DERIVED_FILE_DIR)/Pods-HarryPotterCharacters-HarryPotterCharactersUITests-checkManifestLockResult.txt",
			);
			runOnlyForDeploymentPostprocessing = 0;
			shellPath = /bin/sh;
			shellScript = "diff \"${PODS_PODFILE_DIR_PATH}/Podfile.lock\" \"${PODS_ROOT}/Manifest.lock\" > /dev/null\nif [ $? != 0 ] ; then\n    # print error to STDERR\n    echo \"error: The sandbox is not in sync with the Podfile.lock. Run 'pod install' or update your CocoaPods installation.\" >&2\n    exit 1\nfi\n# This output is used by Xcode 'outputs' to avoid re-running this script phase.\necho \"SUCCESS\" > \"${SCRIPT_OUTPUT_FILE_0}\"\n";
			showEnvVarsInLog = 0;
		};
		B967471F811FF4847D4FCCFC /* [CP] Embed Pods Frameworks */ = {
			isa = PBXShellScriptBuildPhase;
			buildActionMask = 2147483647;
			files = (
			);
			inputFileListPaths = (
				"${PODS_ROOT}/Target Support Files/Pods-HarryPotterCharacters-HarryPotterCharactersUITests/Pods-HarryPotterCharacters-HarryPotterCharactersUITests-frameworks-${CONFIGURATION}-input-files.xcfilelist",
			);
			name = "[CP] Embed Pods Frameworks";
			outputFileListPaths = (
				"${PODS_ROOT}/Target Support Files/Pods-HarryPotterCharacters-HarryPotterCharactersUITests/Pods-HarryPotterCharacters-HarryPotterCharactersUITests-frameworks-${CONFIGURATION}-output-files.xcfilelist",
			);
			runOnlyForDeploymentPostprocessing = 0;
			shellPath = /bin/sh;
			shellScript = "\"${PODS_ROOT}/Target Support Files/Pods-HarryPotterCharacters-HarryPotterCharactersUITests/Pods-HarryPotterCharacters-HarryPotterCharactersUITests-frameworks.sh\"\n";
			showEnvVarsInLog = 0;
		};
		F9E9011F6E187E6DBE3860E2 /* [CP] Check Pods Manifest.lock */ = {
			isa = PBXShellScriptBuildPhase;
			buildActionMask = 2147483647;
			files = (
			);
			inputFileListPaths = (
			);
			inputPaths = (
				"${PODS_PODFILE_DIR_PATH}/Podfile.lock",
				"${PODS_ROOT}/Manifest.lock",
			);
			name = "[CP] Check Pods Manifest.lock";
			outputFileListPaths = (
			);
			outputPaths = (
				"$(DERIVED_FILE_DIR)/Pods-HarryPotterCharacters-checkManifestLockResult.txt",
			);
			runOnlyForDeploymentPostprocessing = 0;
			shellPath = /bin/sh;
			shellScript = "diff \"${PODS_PODFILE_DIR_PATH}/Podfile.lock\" \"${PODS_ROOT}/Manifest.lock\" > /dev/null\nif [ $? != 0 ] ; then\n    # print error to STDERR\n    echo \"error: The sandbox is not in sync with the Podfile.lock. Run 'pod install' or update your CocoaPods installation.\" >&2\n    exit 1\nfi\n# This output is used by Xcode 'outputs' to avoid re-running this script phase.\necho \"SUCCESS\" > \"${SCRIPT_OUTPUT_FILE_0}\"\n";
			showEnvVarsInLog = 0;
		};
		FC897B8E840AB03237BA5554 /* [CP] Check Pods Manifest.lock */ = {
			isa = PBXShellScriptBuildPhase;
			buildActionMask = 2147483647;
			files = (
			);
			inputFileListPaths = (
			);
			inputPaths = (
				"${PODS_PODFILE_DIR_PATH}/Podfile.lock",
				"${PODS_ROOT}/Manifest.lock",
			);
			name = "[CP] Check Pods Manifest.lock";
			outputFileListPaths = (
			);
			outputPaths = (
				"$(DERIVED_FILE_DIR)/Pods-HarryPotterCharactersTests-checkManifestLockResult.txt",
			);
			runOnlyForDeploymentPostprocessing = 0;
			shellPath = /bin/sh;
			shellScript = "diff \"${PODS_PODFILE_DIR_PATH}/Podfile.lock\" \"${PODS_ROOT}/Manifest.lock\" > /dev/null\nif [ $? != 0 ] ; then\n    # print error to STDERR\n    echo \"error: The sandbox is not in sync with the Podfile.lock. Run 'pod install' or update your CocoaPods installation.\" >&2\n    exit 1\nfi\n# This output is used by Xcode 'outputs' to avoid re-running this script phase.\necho \"SUCCESS\" > \"${SCRIPT_OUTPUT_FILE_0}\"\n";
			showEnvVarsInLog = 0;
		};
/* End PBXShellScriptBuildPhase section */

/* Begin PBXSourcesBuildPhase section */
		459233C127AC3682004CAD89 /* Sources */ = {
			isa = PBXSourcesBuildPhase;
			buildActionMask = 2147483647;
			files = (
				459233CF27AC36EA004CAD89 /* CharactersProviderTests.swift in Sources */,
				459233C827AC3682004CAD89 /* HarryPotterCharactersIntegrationTests.swift in Sources */,
			);
			runOnlyForDeploymentPostprocessing = 0;
		};
		45CE376227A41C72007B6BC8 /* Sources */ = {
			isa = PBXSourcesBuildPhase;
			buildActionMask = 2147483647;
			files = (
				453A6D1927A6E81D0000AE1B /* DetailViewContract.swift in Sources */,
				453A6D2927A6ED8C0000AE1B /* HousesCollectionViewCell.swift in Sources */,
				45CE37BC27A47199007B6BC8 /* DetailViewController.swift in Sources */,
				451F832127A9A65E0014E855 /* DetailInteractor.swift in Sources */,
				45CE376A27A41C72007B6BC8 /* AppDelegate.swift in Sources */,
				451F832A27AAADC90014E855 /* PermissionsContract.swift in Sources */,
				451F832727AAAD9A0014E855 /* PermissionsPresenter.swift in Sources */,
				453A6D3327A713600000AE1B /* HouseCollectionWireframe.swift in Sources */,
				453A6D2527A6ED4A0000AE1B /* HousesCollectionViewController.swift in Sources */,
				45CDAFA527A8620F00FE3C73 /* UserFormBuilder.swift in Sources */,
				453A6D0E27A6B8AC0000AE1B /* CollectionViewCell.swift in Sources */,
				45CE37AF27A4298D007B6BC8 /* ListTableViewCell.swift in Sources */,
				45CE376C27A41C72007B6BC8 /* SceneDelegate.swift in Sources */,
				453A6D0827A6B6A40000AE1B /* CollectionViewController.swift in Sources */,
				451F832C27AAADDB0014E855 /* PermissionsBuilder.swift in Sources */,
				453A6D3127A70BD90000AE1B /* HousesCollectionInteractor.swift in Sources */,
				451F832527AAAD850014E855 /* PermissionsInteractor.swift in Sources */,
				45CE37B127A43822007B6BC8 /* ListControllerBuilder.swift in Sources */,
				45CE37B627A439A4007B6BC8 /* UIViewControllerExtensions.swift in Sources */,
				453A6D2B27A6F37A0000AE1B /* HousesCollectionControllerBuilder.swift in Sources */,
				45CE379B27A41D2B007B6BC8 /* Character.swift in Sources */,
				453A6D2D27A7073B0000AE1B /* HousesCollectionPresenter.swift in Sources */,
				45CDAFAF27A887F000FE3C73 /* StringExtensions.swift in Sources */,
				45CE37A427A42050007B6BC8 /* ListViewController.swift in Sources */,
				45CDAFAD27A887B600FE3C73 /* UserFormModel.swift in Sources */,
				453A6D1727A6E80D0000AE1B /* DetailPresenter.swift in Sources */,
				45CDAFA327A861EF00FE3C73 /* UserFormContract.swift in Sources */,
				45CE37AD27A42804007B6BC8 /* CharactersListPresenter.swift in Sources */,
				453A6D0527A54E730000AE1B /* CharactersListWireframe.swift in Sources */,
				45CE37B327A43843007B6BC8 /* InitialControllerBuilder.swift in Sources */,
				453A6D0227A54D580000AE1B /* DetailControllerBuilder.swift in Sources */,
				45CDAFA727A8629E00FE3C73 /* UserFormInteractor.swift in Sources */,
				45CE37A727A423CF007B6BC8 /* CharactersProvider.swift in Sources */,
				453A6D2F27A707740000AE1B /* HousesViewContract.swift in Sources */,
				453A6D0C27A6B8680000AE1B /* CollectionControllerBuilder.swift in Sources */,
				45CDAF9D27A8607000FE3C73 /* UserFormViewController.swift in Sources */,
				451F832E27AB29580014E855 /* BundleExtensions.swift in Sources */,
				45CDAFA927A862D400FE3C73 /* UserFormPresenter.swift in Sources */,
				45CDAFAB27A8631400FE3C73 /* UserFormProvider.swift in Sources */,
				45CE379F27A41F8A007B6BC8 /* ListViewContract.swift in Sources */,
				45CE37AA27A42724007B6BC8 /* CharactersListInteractor.swift in Sources */,
			);
			runOnlyForDeploymentPostprocessing = 0;
		};
		45CE377827A41C77007B6BC8 /* Sources */ = {
			isa = PBXSourcesBuildPhase;
			buildActionMask = 2147483647;
			files = (
				459233BE27ABD9A4004CAD89 /* CharactersListInteractorTests.swift in Sources */,
				45CE378127A41C77007B6BC8 /* HarryPotterCharactersTests.swift in Sources */,
				458AA39E27B1840100783192 /* UserFormInteractorTests.swift in Sources */,
			);
			runOnlyForDeploymentPostprocessing = 0;
		};
		45CE378227A41C77007B6BC8 /* Sources */ = {
			isa = PBXSourcesBuildPhase;
			buildActionMask = 2147483647;
			files = (
				45CE378B27A41C77007B6BC8 /* HarryPotterCharactersUITests.swift in Sources */,
				45CE378D27A41C77007B6BC8 /* HarryPotterCharactersUITestsLaunchTests.swift in Sources */,
			);
			runOnlyForDeploymentPostprocessing = 0;
		};
/* End PBXSourcesBuildPhase section */

/* Begin PBXTargetDependency section */
		459233CA27AC3682004CAD89 /* PBXTargetDependency */ = {
			isa = PBXTargetDependency;
			target = 45CE376527A41C72007B6BC8 /* HarryPotterCharacters */;
			targetProxy = 459233C927AC3682004CAD89 /* PBXContainerItemProxy */;
		};
		45CE377E27A41C77007B6BC8 /* PBXTargetDependency */ = {
			isa = PBXTargetDependency;
			target = 45CE376527A41C72007B6BC8 /* HarryPotterCharacters */;
			targetProxy = 45CE377D27A41C77007B6BC8 /* PBXContainerItemProxy */;
		};
		45CE378827A41C77007B6BC8 /* PBXTargetDependency */ = {
			isa = PBXTargetDependency;
			target = 45CE376527A41C72007B6BC8 /* HarryPotterCharacters */;
			targetProxy = 45CE378727A41C77007B6BC8 /* PBXContainerItemProxy */;
		};
/* End PBXTargetDependency section */

/* Begin PBXVariantGroup section */
		4500E48127B020E700123B45 /* Localizable.strings */ = {
			isa = PBXVariantGroup;
			children = (
				4500E48027B020E700123B45 /* en */,
				4500E48227B0216900123B45 /* es */,
			);
			name = Localizable.strings;
			sourceTree = "<group>";
		};
		45CE377427A41C76007B6BC8 /* LaunchScreen.storyboard */ = {
			isa = PBXVariantGroup;
			children = (
				45CE377527A41C76007B6BC8 /* Base */,
			);
			name = LaunchScreen.storyboard;
			sourceTree = "<group>";
		};
/* End PBXVariantGroup section */

/* Begin XCBuildConfiguration section */
		459233CC27AC3682004CAD89 /* Debug */ = {
			isa = XCBuildConfiguration;
			buildSettings = {
				BUNDLE_LOADER = "$(TEST_HOST)";
				CODE_SIGN_STYLE = Automatic;
				CURRENT_PROJECT_VERSION = 1;
				DEVELOPMENT_TEAM = YW82H8FU3C;
				GENERATE_INFOPLIST_FILE = YES;
				MARKETING_VERSION = 1.0;
				PRODUCT_BUNDLE_IDENTIFIER = com.eliadotor.HarryPotterCharactersIntegrationTests;
				PRODUCT_NAME = "$(TARGET_NAME)";
				SWIFT_EMIT_LOC_STRINGS = NO;
				SWIFT_VERSION = 5.0;
				TARGETED_DEVICE_FAMILY = "1,2";
				TEST_HOST = "$(BUILT_PRODUCTS_DIR)/HarryPotterCharacters.app/HarryPotterCharacters";
			};
			name = Debug;
		};
		459233CD27AC3682004CAD89 /* Release */ = {
			isa = XCBuildConfiguration;
			buildSettings = {
				BUNDLE_LOADER = "$(TEST_HOST)";
				CODE_SIGN_STYLE = Automatic;
				CURRENT_PROJECT_VERSION = 1;
				DEVELOPMENT_TEAM = YW82H8FU3C;
				GENERATE_INFOPLIST_FILE = YES;
				MARKETING_VERSION = 1.0;
				PRODUCT_BUNDLE_IDENTIFIER = com.eliadotor.HarryPotterCharactersIntegrationTests;
				PRODUCT_NAME = "$(TARGET_NAME)";
				SWIFT_EMIT_LOC_STRINGS = NO;
				SWIFT_VERSION = 5.0;
				TARGETED_DEVICE_FAMILY = "1,2";
				TEST_HOST = "$(BUILT_PRODUCTS_DIR)/HarryPotterCharacters.app/HarryPotterCharacters";
			};
			name = Release;
		};
		45CE378E27A41C77007B6BC8 /* Debug */ = {
			isa = XCBuildConfiguration;
			buildSettings = {
				ALWAYS_SEARCH_USER_PATHS = NO;
				CLANG_ANALYZER_LOCALIZABILITY_NONLOCALIZED = YES;
				CLANG_ANALYZER_NONNULL = YES;
				CLANG_ANALYZER_NUMBER_OBJECT_CONVERSION = YES_AGGRESSIVE;
				CLANG_CXX_LANGUAGE_STANDARD = "gnu++17";
				CLANG_CXX_LIBRARY = "libc++";
				CLANG_ENABLE_MODULES = YES;
				CLANG_ENABLE_OBJC_ARC = YES;
				CLANG_ENABLE_OBJC_WEAK = YES;
				CLANG_WARN_BLOCK_CAPTURE_AUTORELEASING = YES;
				CLANG_WARN_BOOL_CONVERSION = YES;
				CLANG_WARN_COMMA = YES;
				CLANG_WARN_CONSTANT_CONVERSION = YES;
				CLANG_WARN_DEPRECATED_OBJC_IMPLEMENTATIONS = YES;
				CLANG_WARN_DIRECT_OBJC_ISA_USAGE = YES_ERROR;
				CLANG_WARN_DOCUMENTATION_COMMENTS = YES;
				CLANG_WARN_EMPTY_BODY = YES;
				CLANG_WARN_ENUM_CONVERSION = YES;
				CLANG_WARN_INFINITE_RECURSION = YES;
				CLANG_WARN_INT_CONVERSION = YES;
				CLANG_WARN_NON_LITERAL_NULL_CONVERSION = YES;
				CLANG_WARN_OBJC_IMPLICIT_RETAIN_SELF = YES;
				CLANG_WARN_OBJC_LITERAL_CONVERSION = YES;
				CLANG_WARN_OBJC_ROOT_CLASS = YES_ERROR;
				CLANG_WARN_QUOTED_INCLUDE_IN_FRAMEWORK_HEADER = YES;
				CLANG_WARN_RANGE_LOOP_ANALYSIS = YES;
				CLANG_WARN_STRICT_PROTOTYPES = YES;
				CLANG_WARN_SUSPICIOUS_MOVE = YES;
				CLANG_WARN_UNGUARDED_AVAILABILITY = YES_AGGRESSIVE;
				CLANG_WARN_UNREACHABLE_CODE = YES;
				CLANG_WARN__DUPLICATE_METHOD_MATCH = YES;
				COPY_PHASE_STRIP = NO;
				DEBUG_INFORMATION_FORMAT = dwarf;
				ENABLE_STRICT_OBJC_MSGSEND = YES;
				ENABLE_TESTABILITY = YES;
				GCC_C_LANGUAGE_STANDARD = gnu11;
				GCC_DYNAMIC_NO_PIC = NO;
				GCC_NO_COMMON_BLOCKS = YES;
				GCC_OPTIMIZATION_LEVEL = 0;
				GCC_PREPROCESSOR_DEFINITIONS = (
					"DEBUG=1",
					"$(inherited)",
				);
				GCC_WARN_64_TO_32_BIT_CONVERSION = YES;
				GCC_WARN_ABOUT_RETURN_TYPE = YES_ERROR;
				GCC_WARN_UNDECLARED_SELECTOR = YES;
				GCC_WARN_UNINITIALIZED_AUTOS = YES_AGGRESSIVE;
				GCC_WARN_UNUSED_FUNCTION = YES;
				GCC_WARN_UNUSED_VARIABLE = YES;
				INFOPLIST_KEY_CFBundleDisplayName = "";
				IPHONEOS_DEPLOYMENT_TARGET = 15.2;
				MTL_ENABLE_DEBUG_INFO = INCLUDE_SOURCE;
				MTL_FAST_MATH = YES;
				ONLY_ACTIVE_ARCH = YES;
				SDKROOT = iphoneos;
				SWIFT_ACTIVE_COMPILATION_CONDITIONS = DEBUG;
				SWIFT_OPTIMIZATION_LEVEL = "-Onone";
			};
			name = Debug;
		};
		45CE378F27A41C77007B6BC8 /* Release */ = {
			isa = XCBuildConfiguration;
			buildSettings = {
				ALWAYS_SEARCH_USER_PATHS = NO;
				CLANG_ANALYZER_LOCALIZABILITY_NONLOCALIZED = YES;
				CLANG_ANALYZER_NONNULL = YES;
				CLANG_ANALYZER_NUMBER_OBJECT_CONVERSION = YES_AGGRESSIVE;
				CLANG_CXX_LANGUAGE_STANDARD = "gnu++17";
				CLANG_CXX_LIBRARY = "libc++";
				CLANG_ENABLE_MODULES = YES;
				CLANG_ENABLE_OBJC_ARC = YES;
				CLANG_ENABLE_OBJC_WEAK = YES;
				CLANG_WARN_BLOCK_CAPTURE_AUTORELEASING = YES;
				CLANG_WARN_BOOL_CONVERSION = YES;
				CLANG_WARN_COMMA = YES;
				CLANG_WARN_CONSTANT_CONVERSION = YES;
				CLANG_WARN_DEPRECATED_OBJC_IMPLEMENTATIONS = YES;
				CLANG_WARN_DIRECT_OBJC_ISA_USAGE = YES_ERROR;
				CLANG_WARN_DOCUMENTATION_COMMENTS = YES;
				CLANG_WARN_EMPTY_BODY = YES;
				CLANG_WARN_ENUM_CONVERSION = YES;
				CLANG_WARN_INFINITE_RECURSION = YES;
				CLANG_WARN_INT_CONVERSION = YES;
				CLANG_WARN_NON_LITERAL_NULL_CONVERSION = YES;
				CLANG_WARN_OBJC_IMPLICIT_RETAIN_SELF = YES;
				CLANG_WARN_OBJC_LITERAL_CONVERSION = YES;
				CLANG_WARN_OBJC_ROOT_CLASS = YES_ERROR;
				CLANG_WARN_QUOTED_INCLUDE_IN_FRAMEWORK_HEADER = YES;
				CLANG_WARN_RANGE_LOOP_ANALYSIS = YES;
				CLANG_WARN_STRICT_PROTOTYPES = YES;
				CLANG_WARN_SUSPICIOUS_MOVE = YES;
				CLANG_WARN_UNGUARDED_AVAILABILITY = YES_AGGRESSIVE;
				CLANG_WARN_UNREACHABLE_CODE = YES;
				CLANG_WARN__DUPLICATE_METHOD_MATCH = YES;
				COPY_PHASE_STRIP = NO;
				DEBUG_INFORMATION_FORMAT = "dwarf-with-dsym";
				ENABLE_NS_ASSERTIONS = NO;
				ENABLE_STRICT_OBJC_MSGSEND = YES;
				GCC_C_LANGUAGE_STANDARD = gnu11;
				GCC_NO_COMMON_BLOCKS = YES;
				GCC_WARN_64_TO_32_BIT_CONVERSION = YES;
				GCC_WARN_ABOUT_RETURN_TYPE = YES_ERROR;
				GCC_WARN_UNDECLARED_SELECTOR = YES;
				GCC_WARN_UNINITIALIZED_AUTOS = YES_AGGRESSIVE;
				GCC_WARN_UNUSED_FUNCTION = YES;
				GCC_WARN_UNUSED_VARIABLE = YES;
				INFOPLIST_KEY_CFBundleDisplayName = "";
				IPHONEOS_DEPLOYMENT_TARGET = 15.2;
				MTL_ENABLE_DEBUG_INFO = NO;
				MTL_FAST_MATH = YES;
				SDKROOT = iphoneos;
				SWIFT_COMPILATION_MODE = wholemodule;
				SWIFT_OPTIMIZATION_LEVEL = "-O";
				VALIDATE_PRODUCT = YES;
			};
			name = Release;
		};
		45CE379127A41C77007B6BC8 /* Debug */ = {
			isa = XCBuildConfiguration;
			baseConfigurationReference = DECF03FA194CD3318E55926E /* Pods-HarryPotterCharacters.debug.xcconfig */;
			buildSettings = {
				API_BASE_URL = "http://hp-api.herokuapp.com/";
				ASSETCATALOG_COMPILER_APPICON_NAME = AppIcon;
				ASSETCATALOG_COMPILER_GLOBAL_ACCENT_COLOR_NAME = AccentColor;
				CODE_SIGN_STYLE = Automatic;
				CURRENT_PROJECT_VERSION = 1;
				DEVELOPMENT_TEAM = YW82H8FU3C;
				GENERATE_INFOPLIST_FILE = YES;
				INFOPLIST_FILE = HarryPotterCharacters/Info.plist;
				INFOPLIST_KEY_UIApplicationSupportsIndirectInputEvents = YES;
				INFOPLIST_KEY_UILaunchStoryboardName = LaunchScreen;
				INFOPLIST_KEY_UISupportedInterfaceOrientations_iPad = "UIInterfaceOrientationPortrait UIInterfaceOrientationPortraitUpsideDown UIInterfaceOrientationLandscapeLeft UIInterfaceOrientationLandscapeRight";
				INFOPLIST_KEY_UISupportedInterfaceOrientations_iPhone = "UIInterfaceOrientationPortrait UIInterfaceOrientationLandscapeLeft UIInterfaceOrientationLandscapeRight";
				LD_RUNPATH_SEARCH_PATHS = (
					"$(inherited)",
					"@executable_path/Frameworks",
				);
				MARKETING_VERSION = 1.0;
				PRODUCT_BUNDLE_IDENTIFIER = com.eliadotor.HarryPotterCharacters;
				PRODUCT_NAME = "$(TARGET_NAME)";
				SWIFT_EMIT_LOC_STRINGS = YES;
				SWIFT_VERSION = 5.0;
				TARGETED_DEVICE_FAMILY = "1,2";
			};
			name = Debug;
		};
		45CE379227A41C77007B6BC8 /* Release */ = {
			isa = XCBuildConfiguration;
			baseConfigurationReference = 7C101858823A64266ADCA2EB /* Pods-HarryPotterCharacters.release.xcconfig */;
			buildSettings = {
				API_BASE_URL = "http://hp-api.herokuapp.com/";
				ASSETCATALOG_COMPILER_APPICON_NAME = AppIcon;
				ASSETCATALOG_COMPILER_GLOBAL_ACCENT_COLOR_NAME = AccentColor;
				CODE_SIGN_STYLE = Automatic;
				CURRENT_PROJECT_VERSION = 1;
				DEVELOPMENT_TEAM = YW82H8FU3C;
				GENERATE_INFOPLIST_FILE = YES;
				INFOPLIST_FILE = HarryPotterCharacters/Info.plist;
				INFOPLIST_KEY_UIApplicationSupportsIndirectInputEvents = YES;
				INFOPLIST_KEY_UILaunchStoryboardName = LaunchScreen;
				INFOPLIST_KEY_UISupportedInterfaceOrientations_iPad = "UIInterfaceOrientationPortrait UIInterfaceOrientationPortraitUpsideDown UIInterfaceOrientationLandscapeLeft UIInterfaceOrientationLandscapeRight";
				INFOPLIST_KEY_UISupportedInterfaceOrientations_iPhone = "UIInterfaceOrientationPortrait UIInterfaceOrientationLandscapeLeft UIInterfaceOrientationLandscapeRight";
				LD_RUNPATH_SEARCH_PATHS = (
					"$(inherited)",
					"@executable_path/Frameworks",
				);
				MARKETING_VERSION = 1.0;
				PRODUCT_BUNDLE_IDENTIFIER = com.eliadotor.HarryPotterCharacters;
				PRODUCT_NAME = "$(TARGET_NAME)";
				SWIFT_EMIT_LOC_STRINGS = YES;
				SWIFT_VERSION = 5.0;
				TARGETED_DEVICE_FAMILY = "1,2";
			};
			name = Release;
		};
		45CE379427A41C77007B6BC8 /* Debug */ = {
			isa = XCBuildConfiguration;
			baseConfigurationReference = 2FDC4AFDE889DA2D72616F57 /* Pods-HarryPotterCharactersTests.debug.xcconfig */;
			buildSettings = {
				ALWAYS_EMBED_SWIFT_STANDARD_LIBRARIES = YES;
				BUNDLE_LOADER = "$(TEST_HOST)";
				CODE_SIGN_STYLE = Automatic;
				CURRENT_PROJECT_VERSION = 1;
				DEVELOPMENT_TEAM = YW82H8FU3C;
				GENERATE_INFOPLIST_FILE = YES;
				IPHONEOS_DEPLOYMENT_TARGET = 15.2;
				MARKETING_VERSION = 1.0;
				PRODUCT_BUNDLE_IDENTIFIER = com.eliadotor.HarryPotterCharactersTests;
				PRODUCT_NAME = "$(TARGET_NAME)";
				SWIFT_EMIT_LOC_STRINGS = NO;
				SWIFT_VERSION = 5.0;
				TARGETED_DEVICE_FAMILY = "1,2";
				TEST_HOST = "$(BUILT_PRODUCTS_DIR)/HarryPotterCharacters.app/HarryPotterCharacters";
			};
			name = Debug;
		};
		45CE379527A41C77007B6BC8 /* Release */ = {
			isa = XCBuildConfiguration;
			baseConfigurationReference = B705DCFE344C7E4A2C053427 /* Pods-HarryPotterCharactersTests.release.xcconfig */;
			buildSettings = {
				ALWAYS_EMBED_SWIFT_STANDARD_LIBRARIES = YES;
				BUNDLE_LOADER = "$(TEST_HOST)";
				CODE_SIGN_STYLE = Automatic;
				CURRENT_PROJECT_VERSION = 1;
				DEVELOPMENT_TEAM = YW82H8FU3C;
				GENERATE_INFOPLIST_FILE = YES;
				IPHONEOS_DEPLOYMENT_TARGET = 15.2;
				MARKETING_VERSION = 1.0;
				PRODUCT_BUNDLE_IDENTIFIER = com.eliadotor.HarryPotterCharactersTests;
				PRODUCT_NAME = "$(TARGET_NAME)";
				SWIFT_EMIT_LOC_STRINGS = NO;
				SWIFT_VERSION = 5.0;
				TARGETED_DEVICE_FAMILY = "1,2";
				TEST_HOST = "$(BUILT_PRODUCTS_DIR)/HarryPotterCharacters.app/HarryPotterCharacters";
			};
			name = Release;
		};
		45CE379727A41C77007B6BC8 /* Debug */ = {
			isa = XCBuildConfiguration;
			baseConfigurationReference = B9E64CC03583E1A83ABBD695 /* Pods-HarryPotterCharacters-HarryPotterCharactersUITests.debug.xcconfig */;
			buildSettings = {
				ALWAYS_EMBED_SWIFT_STANDARD_LIBRARIES = YES;
				CODE_SIGN_STYLE = Automatic;
				CURRENT_PROJECT_VERSION = 1;
				DEVELOPMENT_TEAM = YW82H8FU3C;
				GENERATE_INFOPLIST_FILE = YES;
				MARKETING_VERSION = 1.0;
				PRODUCT_BUNDLE_IDENTIFIER = com.eliadotor.HarryPotterCharactersUITests;
				PRODUCT_NAME = "$(TARGET_NAME)";
				SWIFT_EMIT_LOC_STRINGS = NO;
				SWIFT_VERSION = 5.0;
				TARGETED_DEVICE_FAMILY = "1,2";
				TEST_TARGET_NAME = HarryPotterCharacters;
			};
			name = Debug;
		};
		45CE379827A41C77007B6BC8 /* Release */ = {
			isa = XCBuildConfiguration;
			baseConfigurationReference = AD8813C59D25416E659F67FA /* Pods-HarryPotterCharacters-HarryPotterCharactersUITests.release.xcconfig */;
			buildSettings = {
				ALWAYS_EMBED_SWIFT_STANDARD_LIBRARIES = YES;
				CODE_SIGN_STYLE = Automatic;
				CURRENT_PROJECT_VERSION = 1;
				DEVELOPMENT_TEAM = YW82H8FU3C;
				GENERATE_INFOPLIST_FILE = YES;
				MARKETING_VERSION = 1.0;
				PRODUCT_BUNDLE_IDENTIFIER = com.eliadotor.HarryPotterCharactersUITests;
				PRODUCT_NAME = "$(TARGET_NAME)";
				SWIFT_EMIT_LOC_STRINGS = NO;
				SWIFT_VERSION = 5.0;
				TARGETED_DEVICE_FAMILY = "1,2";
				TEST_TARGET_NAME = HarryPotterCharacters;
			};
			name = Release;
		};
/* End XCBuildConfiguration section */

/* Begin XCConfigurationList section */
		459233CB27AC3682004CAD89 /* Build configuration list for PBXNativeTarget "HarryPotterCharactersIntegrationTests" */ = {
			isa = XCConfigurationList;
			buildConfigurations = (
				459233CC27AC3682004CAD89 /* Debug */,
				459233CD27AC3682004CAD89 /* Release */,
			);
			defaultConfigurationIsVisible = 0;
			defaultConfigurationName = Release;
		};
		45CE376127A41C72007B6BC8 /* Build configuration list for PBXProject "HarryPotterCharacters" */ = {
			isa = XCConfigurationList;
			buildConfigurations = (
				45CE378E27A41C77007B6BC8 /* Debug */,
				45CE378F27A41C77007B6BC8 /* Release */,
			);
			defaultConfigurationIsVisible = 0;
			defaultConfigurationName = Release;
		};
		45CE379027A41C77007B6BC8 /* Build configuration list for PBXNativeTarget "HarryPotterCharacters" */ = {
			isa = XCConfigurationList;
			buildConfigurations = (
				45CE379127A41C77007B6BC8 /* Debug */,
				45CE379227A41C77007B6BC8 /* Release */,
			);
			defaultConfigurationIsVisible = 0;
			defaultConfigurationName = Release;
		};
		45CE379327A41C77007B6BC8 /* Build configuration list for PBXNativeTarget "HarryPotterCharactersTests" */ = {
			isa = XCConfigurationList;
			buildConfigurations = (
				45CE379427A41C77007B6BC8 /* Debug */,
				45CE379527A41C77007B6BC8 /* Release */,
			);
			defaultConfigurationIsVisible = 0;
			defaultConfigurationName = Release;
		};
		45CE379627A41C77007B6BC8 /* Build configuration list for PBXNativeTarget "HarryPotterCharactersUITests" */ = {
			isa = XCConfigurationList;
			buildConfigurations = (
				45CE379727A41C77007B6BC8 /* Debug */,
				45CE379827A41C77007B6BC8 /* Release */,
			);
			defaultConfigurationIsVisible = 0;
			defaultConfigurationName = Release;
		};
/* End XCConfigurationList section */
	};
	rootObject = 45CE375E27A41C72007B6BC8 /* Project object */;
}
